
Microsoft Visual Studio Solution File, Format Version 12.00
# Visual Studio for Mac
Project("{FAE04EC0-301F-11D3-BF4B-00C04F79EFBC}") = "SekinintenKa-dogame", "SekinintenKa-dogame.csproj", "{0E9D5EC0-D18D-17AF-659C-45782BB3DF1B}"
EndProject
Global
	GlobalSection(SolutionConfigurationPlatforms) = preSolution
		Debug|Any CPU = Debug|Any CPU
		Release|Any CPU = Release|Any CPU
	EndGlobalSection
	GlobalSection(ProjectConfigurationPlatforms) = postSolution
		{0E9D5EC0-D18D-17AF-659C-45782BB3DF1B}.Debug|Any CPU.ActiveCfg = Debug|Any CPU
		{0E9D5EC0-D18D-17AF-659C-45782BB3DF1B}.Debug|Any CPU.Build.0 = Debug|Any CPU
		{0E9D5EC0-D18D-17AF-659C-45782BB3DF1B}.Release|Any CPU.ActiveCfg = Release|Any CPU
		{0E9D5EC0-D18D-17AF-659C-45782BB3DF1B}.Release|Any CPU.Build.0 = Release|Any CPU
	EndGlobalSection
	GlobalSection(SolutionProperties) = preSolution
		HideSolutionNode = FALSE
	EndGlobalSection
EndGlobal
